
Microsoft Visual Studio Solution File, Format Version 12.00
# Visual Studio 15
VisualStudioVersion = 15.0.28307.1684
MinimumVisualStudioVersion = 10.0.40219.1
Project("{FAE04EC0-301F-11D3-BF4B-00C04F79EFBC}") = "WindowsFormsApp1", "WindowsFormsApp1\WindowsFormsApp1.csproj", "{2C7387F0-C56D-41B7-9B1B-092E7B75A1D5}"
EndProject
Global
	GlobalSection(SolutionConfigurationPlatforms) = preSolution
		Debug|Any CPU = Debug|Any CPU
		Release|Any CPU = Release|Any CPU
	EndGlobalSection
	GlobalSection(ProjectConfigurationPlatforms) = postSolution
		{2C7387F0-C56D-41B7-9B1B-092E7B75A1D5}.Debug|Any CPU.ActiveCfg = Debug|Any CPU
		{2C7387F0-C56D-41B7-9B1B-092E7B75A1D5}.Debug|Any CPU.Build.0 = Debug|Any CPU
		{2C7387F0-C56D-41B7-9B1B-092E7B75A1D5}.Release|Any CPU.ActiveCfg = Release|Any CPU
		{2C7387F0-C56D-41B7-9B1B-092E7B75A1D5}.Release|Any CPU.Build.0 = Release|Any CPU
	EndGlobalSection
	GlobalSection(SolutionProperties) = preSolution
		HideSolutionNode = FALSE
	EndGlobalSection
	GlobalSection(ExtensibilityGlobals) = postSolution
		SolutionGuid = {1F4539FB-A9F6-429D-84B0-2193562E2086}
	EndGlobalSection
EndGlobal
