
Microsoft Visual Studio Solution File, Format Version 12.00
# Visual Studio 15
VisualStudioVersion = 15.0.28307.1684
MinimumVisualStudioVersion = 10.0.40219.1
Project("{FAE04EC0-301F-11D3-BF4B-00C04F79EFBC}") = "WindowsFormsApp1", "WindowsFormsApp1\WindowsFormsApp1.csproj", "{248E9000-DAB2-4734-BA9D-0B9E09863CDF}"
EndProject
Global
	GlobalSection(SolutionConfigurationPlatforms) = preSolution
		Debug|Any CPU = Debug|Any CPU
		Release|Any CPU = Release|Any CPU
	EndGlobalSection
	GlobalSection(ProjectConfigurationPlatforms) = postSolution
		{248E9000-DAB2-4734-BA9D-0B9E09863CDF}.Debug|Any CPU.ActiveCfg = Debug|Any CPU
		{248E9000-DAB2-4734-BA9D-0B9E09863CDF}.Debug|Any CPU.Build.0 = Debug|Any CPU
		{248E9000-DAB2-4734-BA9D-0B9E09863CDF}.Release|Any CPU.ActiveCfg = Release|Any CPU
		{248E9000-DAB2-4734-BA9D-0B9E09863CDF}.Release|Any CPU.Build.0 = Release|Any CPU
	EndGlobalSection
	GlobalSection(SolutionProperties) = preSolution
		HideSolutionNode = FALSE
	EndGlobalSection
	GlobalSection(ExtensibilityGlobals) = postSolution
		SolutionGuid = {C0A67982-BD03-42E3-8C90-DB232D3CC541}
	EndGlobalSection
EndGlobal
