
Microsoft Visual Studio Solution File, Format Version 12.00
# Visual Studio 15
VisualStudioVersion = 15.0.28307.1684
MinimumVisualStudioVersion = 10.0.40219.1
Project("{FAE04EC0-301F-11D3-BF4B-00C04F79EFBC}") = "WindowsFormsApp1", "WindowsFormsApp1\WindowsFormsApp1.csproj", "{F162BBF3-A56E-4D8E-8112-73E2DC0AD23F}"
EndProject
Global
	GlobalSection(SolutionConfigurationPlatforms) = preSolution
		Debug|Any CPU = Debug|Any CPU
		Release|Any CPU = Release|Any CPU
	EndGlobalSection
	GlobalSection(ProjectConfigurationPlatforms) = postSolution
		{F162BBF3-A56E-4D8E-8112-73E2DC0AD23F}.Debug|Any CPU.ActiveCfg = Debug|Any CPU
		{F162BBF3-A56E-4D8E-8112-73E2DC0AD23F}.Debug|Any CPU.Build.0 = Debug|Any CPU
		{F162BBF3-A56E-4D8E-8112-73E2DC0AD23F}.Release|Any CPU.ActiveCfg = Release|Any CPU
		{F162BBF3-A56E-4D8E-8112-73E2DC0AD23F}.Release|Any CPU.Build.0 = Release|Any CPU
	EndGlobalSection
	GlobalSection(SolutionProperties) = preSolution
		HideSolutionNode = FALSE
	EndGlobalSection
	GlobalSection(ExtensibilityGlobals) = postSolution
		SolutionGuid = {6934C1DE-24EC-42AE-AECB-5BA605403E0A}
	EndGlobalSection
EndGlobal
